
Microsoft Visual Studio Solution File, Format Version 12.00
# Visual Studio Version 17
VisualStudioVersion = 17.7.34221.43
MinimumVisualStudioVersion = 10.0.40219.1
Project("{8BC9CEB8-8B4A-11D0-8D11-00A0C91BC942}") = "base_engine", "base_engine\base_engine.vcxproj", "{F7601DAA-B125-4D12-A923-8BB63FE29E8E}"
EndProject
Global
	GlobalSection(SolutionConfigurationPlatforms) = preSolution
		Debug|x64 = Debug|x64
		Debug|x86 = Debug|x86
		Release|x64 = Release|x64
		Release|x86 = Release|x86
	EndGlobalSection
	GlobalSection(ProjectConfigurationPlatforms) = postSolution
		{F7601DAA-B125-4D12-A923-8BB63FE29E8E}.Debug|x64.ActiveCfg = Debug|x64
		{F7601DAA-B125-4D12-A923-8BB63FE29E8E}.Debug|x64.Build.0 = Debug|x64
		{F7601DAA-B125-4D12-A923-8BB63FE29E8E}.Debug|x86.ActiveCfg = Debug|Win32
		{F7601DAA-B125-4D12-A923-8BB63FE29E8E}.Debug|x86.Build.0 = Debug|Win32
		{F7601DAA-B125-4D12-A923-8BB63FE29E8E}.Release|x64.ActiveCfg = Release|x64
		{F7601DAA-B125-4D12-A923-8BB63FE29E8E}.Release|x64.Build.0 = Release|x64
		{F7601DAA-B125-4D12-A923-8BB63FE29E8E}.Release|x86.ActiveCfg = Release|Win32
		{F7601DAA-B125-4D12-A923-8BB63FE29E8E}.Release|x86.Build.0 = Release|Win32
	EndGlobalSection
	GlobalSection(SolutionProperties) = preSolution
		HideSolutionNode = FALSE
	EndGlobalSection
	GlobalSection(ExtensibilityGlobals) = postSolution
		SolutionGuid = {30CCCCC2-177E-42C2-977A-FEBB853B3481}
	EndGlobalSection
EndGlobal
